
Microsoft Visual Studio Solution File, Format Version 12.00
# Visual Studio Version 16
VisualStudioVersion = 16.0.29215.179
MinimumVisualStudioVersion = 10.0.40219.1
Project("{9A19103F-16F7-4668-BE54-9A1E7A4F7556}") = "AnotherMusicPlayer", "AnotherMusicplayer\AnotherMusicPlayer.csproj", "{98481FC9-80E8-4E60-8C2A-531169283120}"
EndProject
Project("{9A19103F-16F7-4668-BE54-9A1E7A4F7556}") = "PluginContracts", "PluginContracts\PluginContracts.csproj", "{6AAF8B9A-BBCE-44A1-8BC0-C9B96C372847}"
EndProject
Project("{9A19103F-16F7-4668-BE54-9A1E7A4F7556}") = "WaveDecoder", "WaveDecoder\WaveDecoder.csproj", "{297F2E03-7253-4244-A11F-D0B86ECC0F78}"
EndProject
Project("{9A19103F-16F7-4668-BE54-9A1E7A4F7556}") = "OggDecoder", "OggDecoder\OggDecoder.csproj", "{66E548FF-4EDD-431A-80B9-808F52FE277F}"
EndProject
Project("{9A19103F-16F7-4668-BE54-9A1E7A4F7556}") = "MP3Decoder", "Mp3Decoder\MP3Decoder.csproj", "{5E0A0CBF-13BF-4330-A2DE-CA18F8DC9221}"
EndProject
Project("{9A19103F-16F7-4668-BE54-9A1E7A4F7556}") = "FlacDecoder", "FlacDecoder\FlacDecoder.csproj", "{B1D81ACD-1367-4DA5-AE07-83EC52C83DC3}"
EndProject
Project("{FAE04EC0-301F-11D3-BF4B-00C04F79EFBC}") = "AMPGUI", "AMPGUI\AMPGUI.csproj", "{478A94B5-08A9-4D73-A21A-BA07599499D6}"
EndProject
Global
	GlobalSection(SolutionConfigurationPlatforms) = preSolution
		Debug|Any CPU = Debug|Any CPU
		Release|Any CPU = Release|Any CPU
	EndGlobalSection
	GlobalSection(ProjectConfigurationPlatforms) = postSolution
		{98481FC9-80E8-4E60-8C2A-531169283120}.Debug|Any CPU.ActiveCfg = Debug|Any CPU
		{98481FC9-80E8-4E60-8C2A-531169283120}.Debug|Any CPU.Build.0 = Debug|Any CPU
		{98481FC9-80E8-4E60-8C2A-531169283120}.Release|Any CPU.ActiveCfg = Release|Any CPU
		{98481FC9-80E8-4E60-8C2A-531169283120}.Release|Any CPU.Build.0 = Release|Any CPU
		{6AAF8B9A-BBCE-44A1-8BC0-C9B96C372847}.Debug|Any CPU.ActiveCfg = Debug|Any CPU
		{6AAF8B9A-BBCE-44A1-8BC0-C9B96C372847}.Debug|Any CPU.Build.0 = Debug|Any CPU
		{6AAF8B9A-BBCE-44A1-8BC0-C9B96C372847}.Release|Any CPU.ActiveCfg = Release|Any CPU
		{6AAF8B9A-BBCE-44A1-8BC0-C9B96C372847}.Release|Any CPU.Build.0 = Release|Any CPU
		{297F2E03-7253-4244-A11F-D0B86ECC0F78}.Debug|Any CPU.ActiveCfg = Debug|Any CPU
		{297F2E03-7253-4244-A11F-D0B86ECC0F78}.Debug|Any CPU.Build.0 = Debug|Any CPU
		{297F2E03-7253-4244-A11F-D0B86ECC0F78}.Release|Any CPU.ActiveCfg = Release|Any CPU
		{297F2E03-7253-4244-A11F-D0B86ECC0F78}.Release|Any CPU.Build.0 = Release|Any CPU
		{66E548FF-4EDD-431A-80B9-808F52FE277F}.Debug|Any CPU.ActiveCfg = Debug|Any CPU
		{66E548FF-4EDD-431A-80B9-808F52FE277F}.Debug|Any CPU.Build.0 = Debug|Any CPU
		{66E548FF-4EDD-431A-80B9-808F52FE277F}.Release|Any CPU.ActiveCfg = Release|Any CPU
		{66E548FF-4EDD-431A-80B9-808F52FE277F}.Release|Any CPU.Build.0 = Release|Any CPU
		{5E0A0CBF-13BF-4330-A2DE-CA18F8DC9221}.Debug|Any CPU.ActiveCfg = Debug|Any CPU
		{5E0A0CBF-13BF-4330-A2DE-CA18F8DC9221}.Debug|Any CPU.Build.0 = Debug|Any CPU
		{5E0A0CBF-13BF-4330-A2DE-CA18F8DC9221}.Release|Any CPU.ActiveCfg = Release|Any CPU
		{5E0A0CBF-13BF-4330-A2DE-CA18F8DC9221}.Release|Any CPU.Build.0 = Release|Any CPU
		{B1D81ACD-1367-4DA5-AE07-83EC52C83DC3}.Debug|Any CPU.ActiveCfg = Debug|Any CPU
		{B1D81ACD-1367-4DA5-AE07-83EC52C83DC3}.Debug|Any CPU.Build.0 = Debug|Any CPU
		{B1D81ACD-1367-4DA5-AE07-83EC52C83DC3}.Release|Any CPU.ActiveCfg = Release|Any CPU
		{B1D81ACD-1367-4DA5-AE07-83EC52C83DC3}.Release|Any CPU.Build.0 = Release|Any CPU
		{478A94B5-08A9-4D73-A21A-BA07599499D6}.Debug|Any CPU.ActiveCfg = Debug|Any CPU
		{478A94B5-08A9-4D73-A21A-BA07599499D6}.Debug|Any CPU.Build.0 = Debug|Any CPU
		{478A94B5-08A9-4D73-A21A-BA07599499D6}.Release|Any CPU.ActiveCfg = Release|Any CPU
		{478A94B5-08A9-4D73-A21A-BA07599499D6}.Release|Any CPU.Build.0 = Release|Any CPU
	EndGlobalSection
	GlobalSection(SolutionProperties) = preSolution
		HideSolutionNode = FALSE
	EndGlobalSection
	GlobalSection(ExtensibilityGlobals) = postSolution
		SolutionGuid = {053A96FD-5E8D-4596-A486-AC4AC72F0323}
	EndGlobalSection
EndGlobal
